
Microsoft Visual Studio Solution File, Format Version 12.00
# Visual Studio 15
VisualStudioVersion = 15.0.26124.0
MinimumVisualStudioVersion = 15.0.26124.0
Project("{2150E333-8FDC-42A3-9474-1A3956D46DE8}") = "src", "src", "{DF114513-4BBD-435C-92F4-1BCD7899057B}"
EndProject
Project("{FAE04EC0-301F-11D3-BF4B-00C04F79EFBC}") = "Sudoku", "src\Sudoku\Sudoku.csproj", "{384984C4-8ED5-43E9-B528-D366BECF55E4}"
EndProject
Project("{FAE04EC0-301F-11D3-BF4B-00C04F79EFBC}") = "DataParsers", "src\DataParsers\DataParsers.csproj", "{233989B7-B6FC-471B-8FB4-07DBB082C8F5}"
EndProject
Project("{FAE04EC0-301F-11D3-BF4B-00C04F79EFBC}") = "Solver", "src\Solver\Solver.csproj", "{03C8F28E-AED8-4D9F-BF49-A3028C908962}"
EndProject
Project("{2150E333-8FDC-42A3-9474-1A3956D46DE8}") = "test", "test", "{6E0FE670-7AB6-4FDA-9153-669D46957500}"
EndProject
Project("{FAE04EC0-301F-11D3-BF4B-00C04F79EFBC}") = "SolverUnitTests", "test\Solver.Tests\SolverUnitTests.csproj", "{219665D9-B597-49E1-A0E5-3A1330D4E1F9}"
EndProject
Project("{FAE04EC0-301F-11D3-BF4B-00C04F79EFBC}") = "Sudoku.Tests", "test\Sudoku.Tests\Sudoku.Tests.csproj", "{A73114FE-0F60-42DC-97E9-D1A5CFE2E189}"
EndProject
Global
	GlobalSection(SolutionConfigurationPlatforms) = preSolution
		Debug|Any CPU = Debug|Any CPU
		Debug|x64 = Debug|x64
		Debug|x86 = Debug|x86
		Release|Any CPU = Release|Any CPU
		Release|x64 = Release|x64
		Release|x86 = Release|x86
	EndGlobalSection
	GlobalSection(SolutionProperties) = preSolution
		HideSolutionNode = FALSE
	EndGlobalSection
	GlobalSection(ProjectConfigurationPlatforms) = postSolution
		{384984C4-8ED5-43E9-B528-D366BECF55E4}.Debug|Any CPU.ActiveCfg = Debug|Any CPU
		{384984C4-8ED5-43E9-B528-D366BECF55E4}.Debug|Any CPU.Build.0 = Debug|Any CPU
		{384984C4-8ED5-43E9-B528-D366BECF55E4}.Debug|x64.ActiveCfg = Debug|Any CPU
		{384984C4-8ED5-43E9-B528-D366BECF55E4}.Debug|x64.Build.0 = Debug|Any CPU
		{384984C4-8ED5-43E9-B528-D366BECF55E4}.Debug|x86.ActiveCfg = Debug|Any CPU
		{384984C4-8ED5-43E9-B528-D366BECF55E4}.Debug|x86.Build.0 = Debug|Any CPU
		{384984C4-8ED5-43E9-B528-D366BECF55E4}.Release|Any CPU.ActiveCfg = Release|Any CPU
		{384984C4-8ED5-43E9-B528-D366BECF55E4}.Release|Any CPU.Build.0 = Release|Any CPU
		{384984C4-8ED5-43E9-B528-D366BECF55E4}.Release|x64.ActiveCfg = Release|Any CPU
		{384984C4-8ED5-43E9-B528-D366BECF55E4}.Release|x64.Build.0 = Release|Any CPU
		{384984C4-8ED5-43E9-B528-D366BECF55E4}.Release|x86.ActiveCfg = Release|Any CPU
		{384984C4-8ED5-43E9-B528-D366BECF55E4}.Release|x86.Build.0 = Release|Any CPU
		{233989B7-B6FC-471B-8FB4-07DBB082C8F5}.Debug|Any CPU.ActiveCfg = Debug|Any CPU
		{233989B7-B6FC-471B-8FB4-07DBB082C8F5}.Debug|Any CPU.Build.0 = Debug|Any CPU
		{233989B7-B6FC-471B-8FB4-07DBB082C8F5}.Debug|x64.ActiveCfg = Debug|Any CPU
		{233989B7-B6FC-471B-8FB4-07DBB082C8F5}.Debug|x64.Build.0 = Debug|Any CPU
		{233989B7-B6FC-471B-8FB4-07DBB082C8F5}.Debug|x86.ActiveCfg = Debug|Any CPU
		{233989B7-B6FC-471B-8FB4-07DBB082C8F5}.Debug|x86.Build.0 = Debug|Any CPU
		{233989B7-B6FC-471B-8FB4-07DBB082C8F5}.Release|Any CPU.ActiveCfg = Release|Any CPU
		{233989B7-B6FC-471B-8FB4-07DBB082C8F5}.Release|Any CPU.Build.0 = Release|Any CPU
		{233989B7-B6FC-471B-8FB4-07DBB082C8F5}.Release|x64.ActiveCfg = Release|Any CPU
		{233989B7-B6FC-471B-8FB4-07DBB082C8F5}.Release|x64.Build.0 = Release|Any CPU
		{233989B7-B6FC-471B-8FB4-07DBB082C8F5}.Release|x86.ActiveCfg = Release|Any CPU
		{233989B7-B6FC-471B-8FB4-07DBB082C8F5}.Release|x86.Build.0 = Release|Any CPU
		{03C8F28E-AED8-4D9F-BF49-A3028C908962}.Debug|Any CPU.ActiveCfg = Debug|Any CPU
		{03C8F28E-AED8-4D9F-BF49-A3028C908962}.Debug|Any CPU.Build.0 = Debug|Any CPU
		{03C8F28E-AED8-4D9F-BF49-A3028C908962}.Debug|x64.ActiveCfg = Debug|Any CPU
		{03C8F28E-AED8-4D9F-BF49-A3028C908962}.Debug|x64.Build.0 = Debug|Any CPU
		{03C8F28E-AED8-4D9F-BF49-A3028C908962}.Debug|x86.ActiveCfg = Debug|Any CPU
		{03C8F28E-AED8-4D9F-BF49-A3028C908962}.Debug|x86.Build.0 = Debug|Any CPU
		{03C8F28E-AED8-4D9F-BF49-A3028C908962}.Release|Any CPU.ActiveCfg = Release|Any CPU
		{03C8F28E-AED8-4D9F-BF49-A3028C908962}.Release|Any CPU.Build.0 = Release|Any CPU
		{03C8F28E-AED8-4D9F-BF49-A3028C908962}.Release|x64.ActiveCfg = Release|Any CPU
		{03C8F28E-AED8-4D9F-BF49-A3028C908962}.Release|x64.Build.0 = Release|Any CPU
		{03C8F28E-AED8-4D9F-BF49-A3028C908962}.Release|x86.ActiveCfg = Release|Any CPU
		{03C8F28E-AED8-4D9F-BF49-A3028C908962}.Release|x86.Build.0 = Release|Any CPU
		{219665D9-B597-49E1-A0E5-3A1330D4E1F9}.Debug|Any CPU.ActiveCfg = Debug|Any CPU
		{219665D9-B597-49E1-A0E5-3A1330D4E1F9}.Debug|Any CPU.Build.0 = Debug|Any CPU
		{219665D9-B597-49E1-A0E5-3A1330D4E1F9}.Debug|x64.ActiveCfg = Debug|Any CPU
		{219665D9-B597-49E1-A0E5-3A1330D4E1F9}.Debug|x64.Build.0 = Debug|Any CPU
		{219665D9-B597-49E1-A0E5-3A1330D4E1F9}.Debug|x86.ActiveCfg = Debug|Any CPU
		{219665D9-B597-49E1-A0E5-3A1330D4E1F9}.Debug|x86.Build.0 = Debug|Any CPU
		{219665D9-B597-49E1-A0E5-3A1330D4E1F9}.Release|Any CPU.ActiveCfg = Release|Any CPU
		{219665D9-B597-49E1-A0E5-3A1330D4E1F9}.Release|Any CPU.Build.0 = Release|Any CPU
		{219665D9-B597-49E1-A0E5-3A1330D4E1F9}.Release|x64.ActiveCfg = Release|Any CPU
		{219665D9-B597-49E1-A0E5-3A1330D4E1F9}.Release|x64.Build.0 = Release|Any CPU
		{219665D9-B597-49E1-A0E5-3A1330D4E1F9}.Release|x86.ActiveCfg = Release|Any CPU
		{219665D9-B597-49E1-A0E5-3A1330D4E1F9}.Release|x86.Build.0 = Release|Any CPU
		{A73114FE-0F60-42DC-97E9-D1A5CFE2E189}.Debug|Any CPU.ActiveCfg = Debug|Any CPU
		{A73114FE-0F60-42DC-97E9-D1A5CFE2E189}.Debug|Any CPU.Build.0 = Debug|Any CPU
		{A73114FE-0F60-42DC-97E9-D1A5CFE2E189}.Debug|x64.ActiveCfg = Debug|Any CPU
		{A73114FE-0F60-42DC-97E9-D1A5CFE2E189}.Debug|x64.Build.0 = Debug|Any CPU
		{A73114FE-0F60-42DC-97E9-D1A5CFE2E189}.Debug|x86.ActiveCfg = Debug|Any CPU
		{A73114FE-0F60-42DC-97E9-D1A5CFE2E189}.Debug|x86.Build.0 = Debug|Any CPU
		{A73114FE-0F60-42DC-97E9-D1A5CFE2E189}.Release|Any CPU.ActiveCfg = Release|Any CPU
		{A73114FE-0F60-42DC-97E9-D1A5CFE2E189}.Release|Any CPU.Build.0 = Release|Any CPU
		{A73114FE-0F60-42DC-97E9-D1A5CFE2E189}.Release|x64.ActiveCfg = Release|Any CPU
		{A73114FE-0F60-42DC-97E9-D1A5CFE2E189}.Release|x64.Build.0 = Release|Any CPU
		{A73114FE-0F60-42DC-97E9-D1A5CFE2E189}.Release|x86.ActiveCfg = Release|Any CPU
		{A73114FE-0F60-42DC-97E9-D1A5CFE2E189}.Release|x86.Build.0 = Release|Any CPU
	EndGlobalSection
	GlobalSection(NestedProjects) = preSolution
		{384984C4-8ED5-43E9-B528-D366BECF55E4} = {DF114513-4BBD-435C-92F4-1BCD7899057B}
		{233989B7-B6FC-471B-8FB4-07DBB082C8F5} = {DF114513-4BBD-435C-92F4-1BCD7899057B}
		{03C8F28E-AED8-4D9F-BF49-A3028C908962} = {DF114513-4BBD-435C-92F4-1BCD7899057B}
		{219665D9-B597-49E1-A0E5-3A1330D4E1F9} = {6E0FE670-7AB6-4FDA-9153-669D46957500}
		{A73114FE-0F60-42DC-97E9-D1A5CFE2E189} = {6E0FE670-7AB6-4FDA-9153-669D46957500}
	EndGlobalSection
EndGlobal
